
Microsoft Visual Studio Solution File, Format Version 12.00
# Visual Studio 15
VisualStudioVersion = 15.0.28307.421
MinimumVisualStudioVersion = 10.0.40219.1
Project("{FAE04EC0-301F-11D3-BF4B-00C04F79EFBC}") = "RestAPI", "RestAPI\RestAPI.csproj", "{63992811-8039-4322-ABF4-81F34C59569E}"
EndProject
Global
	GlobalSection(SolutionConfigurationPlatforms) = preSolution
		Debug|Any CPU = Debug|Any CPU
		Release|Any CPU = Release|Any CPU
	EndGlobalSection
	GlobalSection(ProjectConfigurationPlatforms) = postSolution
		{63992811-8039-4322-ABF4-81F34C59569E}.Debug|Any CPU.ActiveCfg = Debug|Any CPU
		{63992811-8039-4322-ABF4-81F34C59569E}.Debug|Any CPU.Build.0 = Debug|Any CPU
		{63992811-8039-4322-ABF4-81F34C59569E}.Release|Any CPU.ActiveCfg = Release|Any CPU
		{63992811-8039-4322-ABF4-81F34C59569E}.Release|Any CPU.Build.0 = Release|Any CPU
	EndGlobalSection
	GlobalSection(SolutionProperties) = preSolution
		HideSolutionNode = FALSE
	EndGlobalSection
	GlobalSection(ExtensibilityGlobals) = postSolution
		SolutionGuid = {DD62A99F-FAF0-414F-BA61-9B3FCC57F6B2}
	EndGlobalSection
EndGlobal
